
Microsoft Visual Studio Solution File, Format Version 12.00
# Visual Studio Version 17
VisualStudioVersion = 17.4.33213.308
MinimumVisualStudioVersion = 10.0.40219.1
Project("{FAE04EC0-301F-11D3-BF4B-00C04F79EFBC}") = "StringLibrary", "StringLibrary\StringLibrary.csproj", "{AC78B312-7582-41E0-84CD-B57559B6F13C}"
EndProject
Global
	GlobalSection(SolutionConfigurationPlatforms) = preSolution
		Debug|Any CPU = Debug|Any CPU
		Release|Any CPU = Release|Any CPU
	EndGlobalSection
	GlobalSection(ProjectConfigurationPlatforms) = postSolution
		{AC78B312-7582-41E0-84CD-B57559B6F13C}.Debug|Any CPU.ActiveCfg = Debug|Any CPU
		{AC78B312-7582-41E0-84CD-B57559B6F13C}.Debug|Any CPU.Build.0 = Debug|Any CPU
		{AC78B312-7582-41E0-84CD-B57559B6F13C}.Release|Any CPU.ActiveCfg = Release|Any CPU
		{AC78B312-7582-41E0-84CD-B57559B6F13C}.Release|Any CPU.Build.0 = Release|Any CPU
	EndGlobalSection
	GlobalSection(SolutionProperties) = preSolution
		HideSolutionNode = FALSE
	EndGlobalSection
	GlobalSection(ExtensibilityGlobals) = postSolution
		SolutionGuid = {195058FF-7F52-42A6-AA11-8BFC69AB0667}
	EndGlobalSection
EndGlobal
